
Microsoft Visual Studio Solution File, Format Version 12.00
# Visual Studio Version 17
VisualStudioVersion = 17.10.34928.147
MinimumVisualStudioVersion = 10.0.40219.1
Project("{FAE04EC0-301F-11D3-BF4B-00C04F79EFBC}") = "clase1Base", "clase1Base.csproj", "{2E973F93-6A0C-47DC-9463-9A41906C65EB}"
EndProject
Global
	GlobalSection(SolutionConfigurationPlatforms) = preSolution
		Debug|Any CPU = Debug|Any CPU
		Release|Any CPU = Release|Any CPU
	EndGlobalSection
	GlobalSection(ProjectConfigurationPlatforms) = postSolution
		{2E973F93-6A0C-47DC-9463-9A41906C65EB}.Debug|Any CPU.ActiveCfg = Debug|Any CPU
		{2E973F93-6A0C-47DC-9463-9A41906C65EB}.Debug|Any CPU.Build.0 = Debug|Any CPU
		{2E973F93-6A0C-47DC-9463-9A41906C65EB}.Release|Any CPU.ActiveCfg = Release|Any CPU
		{2E973F93-6A0C-47DC-9463-9A41906C65EB}.Release|Any CPU.Build.0 = Release|Any CPU
	EndGlobalSection
	GlobalSection(SolutionProperties) = preSolution
		HideSolutionNode = FALSE
	EndGlobalSection
	GlobalSection(ExtensibilityGlobals) = postSolution
		SolutionGuid = {F83A49BD-7D07-420B-94E7-FA9CEC419A42}
	EndGlobalSection
EndGlobal
